
Microsoft Visual Studio Solution File, Format Version 12.00
# Visual Studio 14
VisualStudioVersion = 14.0.25420.1
MinimumVisualStudioVersion = 10.0.40219.1
Project("{8BC9CEB8-8B4A-11D0-8D11-00A0C91BC942}") = "Second_course_projects", "Second_course_projects.vcxproj", "{C072626A-4544-466F-A324-C9673AB46C1C}"
EndProject
Project("{8BC9CEB8-8B4A-11D0-8D11-00A0C91BC942}") = "Euclidean_algorithm_general", "Euclidean_algorithm_general\Euclidean_algorithm_general.vcxproj", "{B4424549-556A-4C2E-9E83-ABCE4ACBEC8B}"
EndProject
Project("{8BC9CEB8-8B4A-11D0-8D11-00A0C91BC942}") = "To_the_power", "To_the_power\To_the_power.vcxproj", "{4228CF2A-FCB5-44A8-B421-5231B78B948F}"
EndProject
Project("{8BC9CEB8-8B4A-11D0-8D11-00A0C91BC942}") = "Lab1", "Lab1\Lab1.vcxproj", "{754C70A0-BCD4-486F-8B20-2ED591D562B6}"
EndProject
Project("{8BC9CEB8-8B4A-11D0-8D11-00A0C91BC942}") = "Test", "Test\Test.vcxproj", "{BA0A179C-1C55-495A-A235-BD8601224D78}"
EndProject
Project("{8BC9CEB8-8B4A-11D0-8D11-00A0C91BC942}") = "Lab2_OOP", "Lab2_OOP\Lab2_OOP.vcxproj", "{933BA3A3-6503-4B3D-9EFC-336402624319}"
EndProject
Global
	GlobalSection(SolutionConfigurationPlatforms) = preSolution
		Debug|x64 = Debug|x64
		Debug|x86 = Debug|x86
		Release|x64 = Release|x64
		Release|x86 = Release|x86
	EndGlobalSection
	GlobalSection(ProjectConfigurationPlatforms) = postSolution
		{C072626A-4544-466F-A324-C9673AB46C1C}.Debug|x64.ActiveCfg = Debug|x64
		{C072626A-4544-466F-A324-C9673AB46C1C}.Debug|x64.Build.0 = Debug|x64
		{C072626A-4544-466F-A324-C9673AB46C1C}.Debug|x86.ActiveCfg = Debug|Win32
		{C072626A-4544-466F-A324-C9673AB46C1C}.Debug|x86.Build.0 = Debug|Win32
		{C072626A-4544-466F-A324-C9673AB46C1C}.Release|x64.ActiveCfg = Release|x64
		{C072626A-4544-466F-A324-C9673AB46C1C}.Release|x64.Build.0 = Release|x64
		{C072626A-4544-466F-A324-C9673AB46C1C}.Release|x86.ActiveCfg = Release|Win32
		{C072626A-4544-466F-A324-C9673AB46C1C}.Release|x86.Build.0 = Release|Win32
		{B4424549-556A-4C2E-9E83-ABCE4ACBEC8B}.Debug|x64.ActiveCfg = Debug|x64
		{B4424549-556A-4C2E-9E83-ABCE4ACBEC8B}.Debug|x64.Build.0 = Debug|x64
		{B4424549-556A-4C2E-9E83-ABCE4ACBEC8B}.Debug|x86.ActiveCfg = Debug|Win32
		{B4424549-556A-4C2E-9E83-ABCE4ACBEC8B}.Debug|x86.Build.0 = Debug|Win32
		{B4424549-556A-4C2E-9E83-ABCE4ACBEC8B}.Release|x64.ActiveCfg = Release|x64
		{B4424549-556A-4C2E-9E83-ABCE4ACBEC8B}.Release|x64.Build.0 = Release|x64
		{B4424549-556A-4C2E-9E83-ABCE4ACBEC8B}.Release|x86.ActiveCfg = Release|Win32
		{B4424549-556A-4C2E-9E83-ABCE4ACBEC8B}.Release|x86.Build.0 = Release|Win32
		{4228CF2A-FCB5-44A8-B421-5231B78B948F}.Debug|x64.ActiveCfg = Debug|x64
		{4228CF2A-FCB5-44A8-B421-5231B78B948F}.Debug|x64.Build.0 = Debug|x64
		{4228CF2A-FCB5-44A8-B421-5231B78B948F}.Debug|x86.ActiveCfg = Debug|Win32
		{4228CF2A-FCB5-44A8-B421-5231B78B948F}.Debug|x86.Build.0 = Debug|Win32
		{4228CF2A-FCB5-44A8-B421-5231B78B948F}.Release|x64.ActiveCfg = Release|x64
		{4228CF2A-FCB5-44A8-B421-5231B78B948F}.Release|x64.Build.0 = Release|x64
		{4228CF2A-FCB5-44A8-B421-5231B78B948F}.Release|x86.ActiveCfg = Release|Win32
		{4228CF2A-FCB5-44A8-B421-5231B78B948F}.Release|x86.Build.0 = Release|Win32
		{754C70A0-BCD4-486F-8B20-2ED591D562B6}.Debug|x64.ActiveCfg = Debug|x64
		{754C70A0-BCD4-486F-8B20-2ED591D562B6}.Debug|x64.Build.0 = Debug|x64
		{754C70A0-BCD4-486F-8B20-2ED591D562B6}.Debug|x86.ActiveCfg = Debug|Win32
		{754C70A0-BCD4-486F-8B20-2ED591D562B6}.Debug|x86.Build.0 = Debug|Win32
		{754C70A0-BCD4-486F-8B20-2ED591D562B6}.Release|x64.ActiveCfg = Release|x64
		{754C70A0-BCD4-486F-8B20-2ED591D562B6}.Release|x64.Build.0 = Release|x64
		{754C70A0-BCD4-486F-8B20-2ED591D562B6}.Release|x86.ActiveCfg = Release|Win32
		{754C70A0-BCD4-486F-8B20-2ED591D562B6}.Release|x86.Build.0 = Release|Win32
		{BA0A179C-1C55-495A-A235-BD8601224D78}.Debug|x64.ActiveCfg = Debug|x64
		{BA0A179C-1C55-495A-A235-BD8601224D78}.Debug|x64.Build.0 = Debug|x64
		{BA0A179C-1C55-495A-A235-BD8601224D78}.Debug|x86.ActiveCfg = Debug|Win32
		{BA0A179C-1C55-495A-A235-BD8601224D78}.Debug|x86.Build.0 = Debug|Win32
		{BA0A179C-1C55-495A-A235-BD8601224D78}.Release|x64.ActiveCfg = Release|x64
		{BA0A179C-1C55-495A-A235-BD8601224D78}.Release|x64.Build.0 = Release|x64
		{BA0A179C-1C55-495A-A235-BD8601224D78}.Release|x86.ActiveCfg = Release|Win32
		{BA0A179C-1C55-495A-A235-BD8601224D78}.Release|x86.Build.0 = Release|Win32
		{933BA3A3-6503-4B3D-9EFC-336402624319}.Debug|x64.ActiveCfg = Debug|x64
		{933BA3A3-6503-4B3D-9EFC-336402624319}.Debug|x64.Build.0 = Debug|x64
		{933BA3A3-6503-4B3D-9EFC-336402624319}.Debug|x86.ActiveCfg = Debug|Win32
		{933BA3A3-6503-4B3D-9EFC-336402624319}.Debug|x86.Build.0 = Debug|Win32
		{933BA3A3-6503-4B3D-9EFC-336402624319}.Release|x64.ActiveCfg = Release|x64
		{933BA3A3-6503-4B3D-9EFC-336402624319}.Release|x64.Build.0 = Release|x64
		{933BA3A3-6503-4B3D-9EFC-336402624319}.Release|x86.ActiveCfg = Release|Win32
		{933BA3A3-6503-4B3D-9EFC-336402624319}.Release|x86.Build.0 = Release|Win32
	EndGlobalSection
	GlobalSection(SolutionProperties) = preSolution
		HideSolutionNode = FALSE
	EndGlobalSection
EndGlobal
